
Microsoft Visual Studio Solution File, Format Version 12.00
# Visual Studio Version 16
VisualStudioVersion = 16.0.28803.352
MinimumVisualStudioVersion = 10.0.40219.1
Project("{FAE04EC0-301F-11D3-BF4B-00C04F79EFBC}") = "Pi - Projeto", "..\..\..\Pictures\WindowsFormsApp1\WindowsFormsApp1\Pi - Projeto.csproj", "{A7584A56-B90B-43A2-92AF-45A4C339EBDB}"
EndProject
Global
	GlobalSection(SolutionConfigurationPlatforms) = preSolution
		Debug|Any CPU = Debug|Any CPU
		Release|Any CPU = Release|Any CPU
	EndGlobalSection
	GlobalSection(ProjectConfigurationPlatforms) = postSolution
		{A7584A56-B90B-43A2-92AF-45A4C339EBDB}.Debug|Any CPU.ActiveCfg = Debug|Any CPU
		{A7584A56-B90B-43A2-92AF-45A4C339EBDB}.Debug|Any CPU.Build.0 = Debug|Any CPU
		{A7584A56-B90B-43A2-92AF-45A4C339EBDB}.Release|Any CPU.ActiveCfg = Release|Any CPU
		{A7584A56-B90B-43A2-92AF-45A4C339EBDB}.Release|Any CPU.Build.0 = Release|Any CPU
	EndGlobalSection
	GlobalSection(SolutionProperties) = preSolution
		HideSolutionNode = FALSE
	EndGlobalSection
	GlobalSection(ExtensibilityGlobals) = postSolution
		SolutionGuid = {3123098D-A3C0-4965-AE3B-E28DA504F794}
	EndGlobalSection
EndGlobal
